
Microsoft Visual Studio Solution File, Format Version 12.00
# Visual Studio Version 17
VisualStudioVersion = 17.8.34330.188
MinimumVisualStudioVersion = 10.0.40219.1
Project("{FAE04EC0-301F-11D3-BF4B-00C04F79EFBC}") = "GitProject", "GitProject\GitProject.csproj", "{DE7ED566-4043-4A3D-B149-E304B1B92CD9}"
EndProject
Global
	GlobalSection(SolutionConfigurationPlatforms) = preSolution
		Debug|Any CPU = Debug|Any CPU
		Release|Any CPU = Release|Any CPU
	EndGlobalSection
	GlobalSection(ProjectConfigurationPlatforms) = postSolution
		{DE7ED566-4043-4A3D-B149-E304B1B92CD9}.Debug|Any CPU.ActiveCfg = Debug|Any CPU
		{DE7ED566-4043-4A3D-B149-E304B1B92CD9}.Debug|Any CPU.Build.0 = Debug|Any CPU
		{DE7ED566-4043-4A3D-B149-E304B1B92CD9}.Release|Any CPU.ActiveCfg = Release|Any CPU
		{DE7ED566-4043-4A3D-B149-E304B1B92CD9}.Release|Any CPU.Build.0 = Release|Any CPU
	EndGlobalSection
	GlobalSection(SolutionProperties) = preSolution
		HideSolutionNode = FALSE
	EndGlobalSection
	GlobalSection(ExtensibilityGlobals) = postSolution
		SolutionGuid = {7776D5D2-53E2-4D74-B5FF-77778A1E4806}
	EndGlobalSection
EndGlobal
